github.com/littlefish12345/bilinetdrive v1.1.0 h1:VjQQFHC1+3yPM8XJIcrxy91B+vTc1eu07LQqEs2v3fI=
github.com/littlefish12345/bilinetdrive v1.1.0/go.mod h1:JY2A0QZsUkUfW4WLYqrKC9oP1aiCuqeyovFQyZs5AFc=
github.com/littlefish12345/bilinetdrive v1.2.0 h1:P8NLFADXtKhzNQyqVJrmbg+LKNHdwotQBuC7E3R+KKo=
github.com/littlefish12345/bilinetdrive v1.2.0/go.mod h1:JY2A0QZsUkUfW4WLYqrKC9oP1aiCuqeyovFQyZs5AFc=
